<Solution>
  <Project Path="src/LegacyLens.Api/LegacyLens.Api.csproj" />
  <Project Path="src/LegacyLens.Analysis/LegacyLens.Analysis.csproj" />
  <Project Path="src/LegacyLens.Characterization/LegacyLens.Characterization.csproj" />
  <Project Path="tests/LegacyLens.Tests/LegacyLens.Tests.csproj" />
</Solution>
